
Microsoft Visual Studio Solution File, Format Version 12.00
# Visual Studio Version 17
VisualStudioVersion = 17.1.32407.343
MinimumVisualStudioVersion = 10.0.40219.1
Project("{FAE04EC0-301F-11D3-BF4B-00C04F79EFBC}") = "topacad_cs", "topacad_cs\topacad_cs.csproj", "{E855B27E-871F-4C22-BC76-244C2B5ABD7B}"
EndProject
Project("{2150E333-8FDC-42A3-9474-1A3956D46DE8}") = "HW", "HW", "{9D648FC2-1C14-4381-B0FC-83371ABBC4A8}"
EndProject
Project("{FAE04EC0-301F-11D3-BF4B-00C04F79EFBC}") = "PassWord", "PassWord\PassWord.csproj", "{902A9E92-B2AF-48A0-B37B-71D09E9D0183}"
EndProject
Project("{FAE04EC0-301F-11D3-BF4B-00C04F79EFBC}") = "WindowsFormsApp1", "WindowsFormsApp1\WindowsFormsApp1.csproj", "{CD319B51-83B1-4E28-AC61-206C858B5536}"
EndProject
Project("{FAE04EC0-301F-11D3-BF4B-00C04F79EFBC}") = "WindowsFormsApp2", "WindowsFormsApp2\WindowsFormsApp2.csproj", "{42712B4B-57E5-4D5E-92F2-F1773A4D344C}"
EndProject
Project("{FAE04EC0-301F-11D3-BF4B-00C04F79EFBC}") = "LabelMovement", "LabelMovement\LabelMovement.csproj", "{E14E813D-7B99-4DD8-9A1D-8E58C1B29417}"
EndProject
Project("{FAE04EC0-301F-11D3-BF4B-00C04F79EFBC}") = "Random", "Random\Random.csproj", "{FF2E4AD6-22BA-434B-BAFF-C9D8343CB540}"
EndProject
Project("{FAE04EC0-301F-11D3-BF4B-00C04F79EFBC}") = "TabControll", "TabControll\TabControll.csproj", "{555D1D5A-3B13-4CAF-98D5-8D16B835BB47}"
EndProject
Project("{FAE04EC0-301F-11D3-BF4B-00C04F79EFBC}") = "CardGame", "CardGame\CardGame.csproj", "{9FA4EB67-C35F-4CA6-925B-FD51C9034029}"
EndProject
Project("{FAE04EC0-301F-11D3-BF4B-00C04F79EFBC}") = "Counter", "Counter\Counter.csproj", "{168422EF-49C1-4828-AE4D-F192EBFCAEF6}"
EndProject
Project("{FAE04EC0-301F-11D3-BF4B-00C04F79EFBC}") = "EventCalc", "EventCalc\EventCalc.csproj", "{802AC68E-38A1-4819-80D7-DABB53FA7F01}"
EndProject
Project("{FAE04EC0-301F-11D3-BF4B-00C04F79EFBC}") = "Animal", "Animal\Animal.csproj", "{99BB4CA0-4E50-47F2-8AD0-53501518E0BE}"
EndProject
Project("{FAE04EC0-301F-11D3-BF4B-00C04F79EFBC}") = "CubeCast", "CubeCast\CubeCast.csproj", "{27EFAC59-3765-419A-B58B-FEFC9578BC2C}"
EndProject
Project("{FAE04EC0-301F-11D3-BF4B-00C04F79EFBC}") = "Students", "Students\Students.csproj", "{E52BC3B2-4D70-4A32-B3A5-2E570D0191D5}"
EndProject
Project("{FAE04EC0-301F-11D3-BF4B-00C04F79EFBC}") = "Hive", "Hive\Hive.csproj", "{C6954DE7-2D44-4F6C-9E2B-A947918C42F9}"
EndProject
Project("{FAE04EC0-301F-11D3-BF4B-00C04F79EFBC}") = "ClassHierarchy", "ClassHierarchy\ClassHierarchy.csproj", "{EA859336-4E44-4EB6-A7A5-B10B603369F6}"
EndProject
Project("{FAE04EC0-301F-11D3-BF4B-00C04F79EFBC}") = "CustomProgressBar", "CustomProgressBar\CustomProgressBar.csproj", "{FDAA6C0D-8EC5-46A7-AEAE-7711D85118DB}"
EndProject
Project("{FAE04EC0-301F-11D3-BF4B-00C04F79EFBC}") = "AddUsers", "AddUsers\AddUsers.csproj", "{DFF47DBD-BC86-45C9-8ED2-3BEDCD2F8218}"
EndProject
Project("{FAE04EC0-301F-11D3-BF4B-00C04F79EFBC}") = "WindowsFormsApp7", "WindowsFormsApp7\WindowsFormsApp7.csproj", "{90A76498-EA07-489A-90D9-2CD92157BB34}"
EndProject
Project("{FAE04EC0-301F-11D3-BF4B-00C04F79EFBC}") = "ClownInterface", "ClownInterface\ClownInterface.csproj", "{03E5A38F-119B-4997-8C84-833DC8281C78}"
EndProject
Project("{FAE04EC0-301F-11D3-BF4B-00C04F79EFBC}") = "Child", "Child\Child.csproj", "{43A03133-582E-462B-A4C9-F3924B4015A8}"
EndProject
Global
	GlobalSection(SolutionConfigurationPlatforms) = preSolution
		Debug|Any CPU = Debug|Any CPU
		Release|Any CPU = Release|Any CPU
	EndGlobalSection
	GlobalSection(ProjectConfigurationPlatforms) = postSolution
		{E855B27E-871F-4C22-BC76-244C2B5ABD7B}.Debug|Any CPU.ActiveCfg = Debug|Any CPU
		{E855B27E-871F-4C22-BC76-244C2B5ABD7B}.Debug|Any CPU.Build.0 = Debug|Any CPU
		{E855B27E-871F-4C22-BC76-244C2B5ABD7B}.Release|Any CPU.ActiveCfg = Release|Any CPU
		{E855B27E-871F-4C22-BC76-244C2B5ABD7B}.Release|Any CPU.Build.0 = Release|Any CPU
		{902A9E92-B2AF-48A0-B37B-71D09E9D0183}.Debug|Any CPU.ActiveCfg = Debug|Any CPU
		{902A9E92-B2AF-48A0-B37B-71D09E9D0183}.Debug|Any CPU.Build.0 = Debug|Any CPU
		{902A9E92-B2AF-48A0-B37B-71D09E9D0183}.Release|Any CPU.ActiveCfg = Release|Any CPU
		{902A9E92-B2AF-48A0-B37B-71D09E9D0183}.Release|Any CPU.Build.0 = Release|Any CPU
		{CD319B51-83B1-4E28-AC61-206C858B5536}.Debug|Any CPU.ActiveCfg = Debug|Any CPU
		{CD319B51-83B1-4E28-AC61-206C858B5536}.Debug|Any CPU.Build.0 = Debug|Any CPU
		{CD319B51-83B1-4E28-AC61-206C858B5536}.Release|Any CPU.ActiveCfg = Release|Any CPU
		{CD319B51-83B1-4E28-AC61-206C858B5536}.Release|Any CPU.Build.0 = Release|Any CPU
		{42712B4B-57E5-4D5E-92F2-F1773A4D344C}.Debug|Any CPU.ActiveCfg = Debug|Any CPU
		{42712B4B-57E5-4D5E-92F2-F1773A4D344C}.Debug|Any CPU.Build.0 = Debug|Any CPU
		{42712B4B-57E5-4D5E-92F2-F1773A4D344C}.Release|Any CPU.ActiveCfg = Release|Any CPU
		{42712B4B-57E5-4D5E-92F2-F1773A4D344C}.Release|Any CPU.Build.0 = Release|Any CPU
		{E14E813D-7B99-4DD8-9A1D-8E58C1B29417}.Debug|Any CPU.ActiveCfg = Debug|Any CPU
		{E14E813D-7B99-4DD8-9A1D-8E58C1B29417}.Debug|Any CPU.Build.0 = Debug|Any CPU
		{E14E813D-7B99-4DD8-9A1D-8E58C1B29417}.Release|Any CPU.ActiveCfg = Release|Any CPU
		{E14E813D-7B99-4DD8-9A1D-8E58C1B29417}.Release|Any CPU.Build.0 = Release|Any CPU
		{FF2E4AD6-22BA-434B-BAFF-C9D8343CB540}.Debug|Any CPU.ActiveCfg = Debug|Any CPU
		{FF2E4AD6-22BA-434B-BAFF-C9D8343CB540}.Debug|Any CPU.Build.0 = Debug|Any CPU
		{FF2E4AD6-22BA-434B-BAFF-C9D8343CB540}.Release|Any CPU.ActiveCfg = Release|Any CPU
		{FF2E4AD6-22BA-434B-BAFF-C9D8343CB540}.Release|Any CPU.Build.0 = Release|Any CPU
		{555D1D5A-3B13-4CAF-98D5-8D16B835BB47}.Debug|Any CPU.ActiveCfg = Debug|Any CPU
		{555D1D5A-3B13-4CAF-98D5-8D16B835BB47}.Debug|Any CPU.Build.0 = Debug|Any CPU
		{555D1D5A-3B13-4CAF-98D5-8D16B835BB47}.Release|Any CPU.ActiveCfg = Release|Any CPU
		{555D1D5A-3B13-4CAF-98D5-8D16B835BB47}.Release|Any CPU.Build.0 = Release|Any CPU
		{9FA4EB67-C35F-4CA6-925B-FD51C9034029}.Debug|Any CPU.ActiveCfg = Debug|Any CPU
		{9FA4EB67-C35F-4CA6-925B-FD51C9034029}.Debug|Any CPU.Build.0 = Debug|Any CPU
		{9FA4EB67-C35F-4CA6-925B-FD51C9034029}.Release|Any CPU.ActiveCfg = Release|Any CPU
		{9FA4EB67-C35F-4CA6-925B-FD51C9034029}.Release|Any CPU.Build.0 = Release|Any CPU
		{168422EF-49C1-4828-AE4D-F192EBFCAEF6}.Debug|Any CPU.ActiveCfg = Debug|Any CPU
		{168422EF-49C1-4828-AE4D-F192EBFCAEF6}.Debug|Any CPU.Build.0 = Debug|Any CPU
		{168422EF-49C1-4828-AE4D-F192EBFCAEF6}.Release|Any CPU.ActiveCfg = Release|Any CPU
		{168422EF-49C1-4828-AE4D-F192EBFCAEF6}.Release|Any CPU.Build.0 = Release|Any CPU
		{802AC68E-38A1-4819-80D7-DABB53FA7F01}.Debug|Any CPU.ActiveCfg = Debug|Any CPU
		{802AC68E-38A1-4819-80D7-DABB53FA7F01}.Debug|Any CPU.Build.0 = Debug|Any CPU
		{802AC68E-38A1-4819-80D7-DABB53FA7F01}.Release|Any CPU.ActiveCfg = Release|Any CPU
		{802AC68E-38A1-4819-80D7-DABB53FA7F01}.Release|Any CPU.Build.0 = Release|Any CPU
		{99BB4CA0-4E50-47F2-8AD0-53501518E0BE}.Debug|Any CPU.ActiveCfg = Debug|Any CPU
		{99BB4CA0-4E50-47F2-8AD0-53501518E0BE}.Debug|Any CPU.Build.0 = Debug|Any CPU
		{99BB4CA0-4E50-47F2-8AD0-53501518E0BE}.Release|Any CPU.ActiveCfg = Release|Any CPU
		{99BB4CA0-4E50-47F2-8AD0-53501518E0BE}.Release|Any CPU.Build.0 = Release|Any CPU
		{27EFAC59-3765-419A-B58B-FEFC9578BC2C}.Debug|Any CPU.ActiveCfg = Debug|Any CPU
		{27EFAC59-3765-419A-B58B-FEFC9578BC2C}.Debug|Any CPU.Build.0 = Debug|Any CPU
		{27EFAC59-3765-419A-B58B-FEFC9578BC2C}.Release|Any CPU.ActiveCfg = Release|Any CPU
		{27EFAC59-3765-419A-B58B-FEFC9578BC2C}.Release|Any CPU.Build.0 = Release|Any CPU
		{E52BC3B2-4D70-4A32-B3A5-2E570D0191D5}.Debug|Any CPU.ActiveCfg = Debug|Any CPU
		{E52BC3B2-4D70-4A32-B3A5-2E570D0191D5}.Debug|Any CPU.Build.0 = Debug|Any CPU
		{E52BC3B2-4D70-4A32-B3A5-2E570D0191D5}.Release|Any CPU.ActiveCfg = Release|Any CPU
		{E52BC3B2-4D70-4A32-B3A5-2E570D0191D5}.Release|Any CPU.Build.0 = Release|Any CPU
		{C6954DE7-2D44-4F6C-9E2B-A947918C42F9}.Debug|Any CPU.ActiveCfg = Debug|Any CPU
		{C6954DE7-2D44-4F6C-9E2B-A947918C42F9}.Debug|Any CPU.Build.0 = Debug|Any CPU
		{C6954DE7-2D44-4F6C-9E2B-A947918C42F9}.Release|Any CPU.ActiveCfg = Release|Any CPU
		{C6954DE7-2D44-4F6C-9E2B-A947918C42F9}.Release|Any CPU.Build.0 = Release|Any CPU
		{EA859336-4E44-4EB6-A7A5-B10B603369F6}.Debug|Any CPU.ActiveCfg = Debug|Any CPU
		{EA859336-4E44-4EB6-A7A5-B10B603369F6}.Debug|Any CPU.Build.0 = Debug|Any CPU
		{EA859336-4E44-4EB6-A7A5-B10B603369F6}.Release|Any CPU.ActiveCfg = Release|Any CPU
		{EA859336-4E44-4EB6-A7A5-B10B603369F6}.Release|Any CPU.Build.0 = Release|Any CPU
		{FDAA6C0D-8EC5-46A7-AEAE-7711D85118DB}.Debug|Any CPU.ActiveCfg = Debug|Any CPU
		{FDAA6C0D-8EC5-46A7-AEAE-7711D85118DB}.Debug|Any CPU.Build.0 = Debug|Any CPU
		{FDAA6C0D-8EC5-46A7-AEAE-7711D85118DB}.Release|Any CPU.ActiveCfg = Release|Any CPU
		{FDAA6C0D-8EC5-46A7-AEAE-7711D85118DB}.Release|Any CPU.Build.0 = Release|Any CPU
		{DFF47DBD-BC86-45C9-8ED2-3BEDCD2F8218}.Debug|Any CPU.ActiveCfg = Debug|Any CPU
		{DFF47DBD-BC86-45C9-8ED2-3BEDCD2F8218}.Debug|Any CPU.Build.0 = Debug|Any CPU
		{DFF47DBD-BC86-45C9-8ED2-3BEDCD2F8218}.Release|Any CPU.ActiveCfg = Release|Any CPU
		{DFF47DBD-BC86-45C9-8ED2-3BEDCD2F8218}.Release|Any CPU.Build.0 = Release|Any CPU
		{90A76498-EA07-489A-90D9-2CD92157BB34}.Debug|Any CPU.ActiveCfg = Debug|Any CPU
		{90A76498-EA07-489A-90D9-2CD92157BB34}.Debug|Any CPU.Build.0 = Debug|Any CPU
		{90A76498-EA07-489A-90D9-2CD92157BB34}.Release|Any CPU.ActiveCfg = Release|Any CPU
		{90A76498-EA07-489A-90D9-2CD92157BB34}.Release|Any CPU.Build.0 = Release|Any CPU
		{03E5A38F-119B-4997-8C84-833DC8281C78}.Debug|Any CPU.ActiveCfg = Debug|Any CPU
		{03E5A38F-119B-4997-8C84-833DC8281C78}.Debug|Any CPU.Build.0 = Debug|Any CPU
		{03E5A38F-119B-4997-8C84-833DC8281C78}.Release|Any CPU.ActiveCfg = Release|Any CPU
		{03E5A38F-119B-4997-8C84-833DC8281C78}.Release|Any CPU.Build.0 = Release|Any CPU
		{43A03133-582E-462B-A4C9-F3924B4015A8}.Debug|Any CPU.ActiveCfg = Debug|Any CPU
		{43A03133-582E-462B-A4C9-F3924B4015A8}.Debug|Any CPU.Build.0 = Debug|Any CPU
		{43A03133-582E-462B-A4C9-F3924B4015A8}.Release|Any CPU.ActiveCfg = Release|Any CPU
		{43A03133-582E-462B-A4C9-F3924B4015A8}.Release|Any CPU.Build.0 = Release|Any CPU
	EndGlobalSection
	GlobalSection(SolutionProperties) = preSolution
		HideSolutionNode = FALSE
	EndGlobalSection
	GlobalSection(NestedProjects) = preSolution
		{902A9E92-B2AF-48A0-B37B-71D09E9D0183} = {9D648FC2-1C14-4381-B0FC-83371ABBC4A8}
		{E14E813D-7B99-4DD8-9A1D-8E58C1B29417} = {9D648FC2-1C14-4381-B0FC-83371ABBC4A8}
		{EA859336-4E44-4EB6-A7A5-B10B603369F6} = {9D648FC2-1C14-4381-B0FC-83371ABBC4A8}
		{FDAA6C0D-8EC5-46A7-AEAE-7711D85118DB} = {9D648FC2-1C14-4381-B0FC-83371ABBC4A8}
		{DFF47DBD-BC86-45C9-8ED2-3BEDCD2F8218} = {9D648FC2-1C14-4381-B0FC-83371ABBC4A8}
		{03E5A38F-119B-4997-8C84-833DC8281C78} = {9D648FC2-1C14-4381-B0FC-83371ABBC4A8}
		{43A03133-582E-462B-A4C9-F3924B4015A8} = {9D648FC2-1C14-4381-B0FC-83371ABBC4A8}
	EndGlobalSection
	GlobalSection(ExtensibilityGlobals) = postSolution
		SolutionGuid = {31A03A52-ACAC-491C-A774-7A4EB14C0440}
	EndGlobalSection
EndGlobal
