
Microsoft Visual Studio Solution File, Format Version 12.00
# Visual Studio Version 17
VisualStudioVersion = 17.1.32407.343
MinimumVisualStudioVersion = 10.0.40219.1
Project("{FAE04EC0-301F-11D3-BF4B-00C04F79EFBC}") = "topacad_cs", "topacad_cs\topacad_cs.csproj", "{E855B27E-871F-4C22-BC76-244C2B5ABD7B}"
EndProject
Project("{2150E333-8FDC-42A3-9474-1A3956D46DE8}") = "HW", "HW", "{9D648FC2-1C14-4381-B0FC-83371ABBC4A8}"
EndProject
Project("{FAE04EC0-301F-11D3-BF4B-00C04F79EFBC}") = "PassWord", "PassWord\PassWord.csproj", "{902A9E92-B2AF-48A0-B37B-71D09E9D0183}"
EndProject
Project("{FAE04EC0-301F-11D3-BF4B-00C04F79EFBC}") = "WindowsFormsApp1", "WindowsFormsApp1\WindowsFormsApp1.csproj", "{CD319B51-83B1-4E28-AC61-206C858B5536}"
EndProject
Project("{FAE04EC0-301F-11D3-BF4B-00C04F79EFBC}") = "WindowsFormsApp2", "WindowsFormsApp2\WindowsFormsApp2.csproj", "{42712B4B-57E5-4D5E-92F2-F1773A4D344C}"
EndProject
Project("{FAE04EC0-301F-11D3-BF4B-00C04F79EFBC}") = "LabelMovement", "LabelMovement\LabelMovement.csproj", "{E14E813D-7B99-4DD8-9A1D-8E58C1B29417}"
EndProject
Project("{FAE04EC0-301F-11D3-BF4B-00C04F79EFBC}") = "Random", "Random\Random.csproj", "{FF2E4AD6-22BA-434B-BAFF-C9D8343CB540}"
EndProject
Project("{FAE04EC0-301F-11D3-BF4B-00C04F79EFBC}") = "TabControll", "TabControll\TabControll.csproj", "{555D1D5A-3B13-4CAF-98D5-8D16B835BB47}"
EndProject
Project("{FAE04EC0-301F-11D3-BF4B-00C04F79EFBC}") = "CardGame", "CardGame\CardGame.csproj", "{9FA4EB67-C35F-4CA6-925B-FD51C9034029}"
EndProject
Project("{FAE04EC0-301F-11D3-BF4B-00C04F79EFBC}") = "Counter", "Counter\Counter.csproj", "{168422EF-49C1-4828-AE4D-F192EBFCAEF6}"
EndProject
Project("{FAE04EC0-301F-11D3-BF4B-00C04F79EFBC}") = "EventCalc", "EventCalc\EventCalc.csproj", "{802AC68E-38A1-4819-80D7-DABB53FA7F01}"
EndProject
Project("{FAE04EC0-301F-11D3-BF4B-00C04F79EFBC}") = "Animal", "Animal\Animal.csproj", "{99BB4CA0-4E50-47F2-8AD0-53501518E0BE}"
EndProject
Project("{FAE04EC0-301F-11D3-BF4B-00C04F79EFBC}") = "CubeCast", "CubeCast\CubeCast.csproj", "{27EFAC59-3765-419A-B58B-FEFC9578BC2C}"
EndProject
Project("{FAE04EC0-301F-11D3-BF4B-00C04F79EFBC}") = "Students", "Students\Students.csproj", "{E52BC3B2-4D70-4A32-B3A5-2E570D0191D5}"
EndProject
Project("{FAE04EC0-301F-11D3-BF4B-00C04F79EFBC}") = "Hive", "Hive\Hive.csproj", "{C6954DE7-2D44-4F6C-9E2B-A947918C42F9}"
EndProject
Project("{FAE04EC0-301F-11D3-BF4B-00C04F79EFBC}") = "ClassHierarchy", "ClassHierarchy\ClassHierarchy.csproj", "{EA859336-4E44-4EB6-A7A5-B10B603369F6}"
EndProject
Project("{FAE04EC0-301F-11D3-BF4B-00C04F79EFBC}") = "CustomProgressBar", "CustomProgressBar\CustomProgressBar.csproj", "{FDAA6C0D-8EC5-46A7-AEAE-7711D85118DB}"
EndProject
Project("{FAE04EC0-301F-11D3-BF4B-00C04F79EFBC}") = "AddUsers", "AddUsers\AddUsers.csproj", "{DFF47DBD-BC86-45C9-8ED2-3BEDCD2F8218}"
EndProject
Project("{FAE04EC0-301F-11D3-BF4B-00C04F79EFBC}") = "WindowsFormsApp7", "WindowsFormsApp7\WindowsFormsApp7.csproj", "{90A76498-EA07-489A-90D9-2CD92157BB34}"
EndProject
Project("{FAE04EC0-301F-11D3-BF4B-00C04F79EFBC}") = "ClownInterface", "ClownInterface\ClownInterface.csproj", "{03E5A38F-119B-4997-8C84-833DC8281C78}"
EndProject
Project("{FAE04EC0-301F-11D3-BF4B-00C04F79EFBC}") = "Child", "Child\Child.csproj", "{43A03133-582E-462B-A4C9-F3924B4015A8}"
EndProject
Project("{FAE04EC0-301F-11D3-BF4B-00C04F79EFBC}") = "Cards", "Cards\Cards.csproj", "{F131113C-0A7E-4779-ACC5-C9E3B0DD5B6F}"
EndProject
Project("{FAE04EC0-301F-11D3-BF4B-00C04F79EFBC}") = "Enum", "Enum\Enum.csproj", "{F5E3DA72-FA3F-4F1F-9E77-3691217D1B63}"
EndProject
Project("{FAE04EC0-301F-11D3-BF4B-00C04F79EFBC}") = "List", "List\List.csproj", "{669E0140-8308-4256-8F81-C5A77476D11B}"
EndProject
Project("{FAE04EC0-301F-11D3-BF4B-00C04F79EFBC}") = "Football_tshirt", "Football_tshirt\Football_tshirt.csproj", "{C872D3B0-04E5-4827-9293-D868D80B6028}"
EndProject
Project("{FAE04EC0-301F-11D3-BF4B-00C04F79EFBC}") = "Queue", "Queue\Queue.csproj", "{3A0F520F-4255-4F59-B0A2-FEC5F0311F9F}"
EndProject
Project("{FAE04EC0-301F-11D3-BF4B-00C04F79EFBC}") = "QueueStack", "QueueStack\QueueStack.csproj", "{7CC384B0-BE2C-4C51-A488-D0AB2AD9BB23}"
EndProject
Project("{FAE04EC0-301F-11D3-BF4B-00C04F79EFBC}") = "AddRecipe", "AddRecipe\AddRecipe.csproj", "{5C3B37A3-387F-4B96-A726-3B6FD9DD73BE}"
EndProject
Project("{FAE04EC0-301F-11D3-BF4B-00C04F79EFBC}") = "Cassa", "Cassa\Cassa.csproj", "{91B75051-1D47-4EB2-A27D-F679869F02E1}"
EndProject
Project("{FAE04EC0-301F-11D3-BF4B-00C04F79EFBC}") = "QueueDoctor", "QueueDoctor\QueueDoctor.csproj", "{456B12E2-CD47-41AD-93DC-AF8A81015C66}"
EndProject
Project("{FAE04EC0-301F-11D3-BF4B-00C04F79EFBC}") = "CardList", "CardList\CardList.csproj", "{3F08C261-AEDE-4970-AA10-F3E0CFB8B6BD}"
EndProject
Project("{FAE04EC0-301F-11D3-BF4B-00C04F79EFBC}") = "Spravochnik", "Spravochnik\Spravochnik.csproj", "{6BE6DFCB-3625-43CD-BF4A-817781D0ACF8}"
EndProject
Project("{2150E333-8FDC-42A3-9474-1A3956D46DE8}") = "Solution Items", "Solution Items", "{43CEDB7A-2B3C-431A-8BCD-4086B2905E77}"
	ProjectSection(SolutionItems) = preProject
		fileStreams.txt = fileStreams.txt
	EndProjectSection
EndProject
Project("{FAE04EC0-301F-11D3-BF4B-00C04F79EFBC}") = "writeread", "writeread\writeread.csproj", "{DE590368-DD39-4160-97E9-0A0DF1785ED4}"
EndProject
Project("{FAE04EC0-301F-11D3-BF4B-00C04F79EFBC}") = "Serialization", "Serialization\Serialization.csproj", "{8E473D5D-85E9-430B-BCF3-A408BFDC08B1}"
EndProject
Project("{FAE04EC0-301F-11D3-BF4B-00C04F79EFBC}") = "WindowsFormsApp44", "WindowsFormsApp44\WindowsFormsApp44.csproj", "{7B131210-E5A0-4399-AFE1-64992255E66A}"
EndProject
Project("{FAE04EC0-301F-11D3-BF4B-00C04F79EFBC}") = "ConsoleApp1", "ConsoleApp1\ConsoleApp1.csproj", "{5F7AEEEC-B574-49E3-B3E6-79FE9A00A8EC}"
EndProject
Project("{FAE04EC0-301F-11D3-BF4B-00C04F79EFBC}") = "DirectoryWork", "DirectoryWork\DirectoryWork.csproj", "{A0D36AF3-C88F-41C5-B812-6B1B009CA1D0}"
EndProject
Project("{FAE04EC0-301F-11D3-BF4B-00C04F79EFBC}") = "ElectronicTabControll", "ElectronicTabControll\ElectronicTabControll.csproj", "{CE58DB2E-5DE4-47C1-BB2A-A68C5224607A}"
EndProject
Project("{FAE04EC0-301F-11D3-BF4B-00C04F79EFBC}") = "multiform", "multiform\multiform.csproj", "{E285257A-F0AF-4A2E-8300-82B3929B73BF}"
EndProject
Project("{FAE04EC0-301F-11D3-BF4B-00C04F79EFBC}") = "Refs", "Refs\Refs.csproj", "{741558B6-33BD-42CA-B9A6-F0C7C547EBCA}"
EndProject
Project("{FAE04EC0-301F-11D3-BF4B-00C04F79EFBC}") = "trycatch", "trycatch\trycatch.csproj", "{BCAAC856-3556-4F13-8B28-5A59C7279B87}"
EndProject
Project("{FAE04EC0-301F-11D3-BF4B-00C04F79EFBC}") = "WindowsFormsApp69", "WindowsFormsApp69\WindowsFormsApp69.csproj", "{D8E03577-397C-489F-BE85-A29933AE73B3}"
EndProject
Project("{FAE04EC0-301F-11D3-BF4B-00C04F79EFBC}") = "XML", "XML\XML.csproj", "{2E935955-A255-47D0-A450-D22FD360AC0C}"
EndProject
Project("{FAE04EC0-301F-11D3-BF4B-00C04F79EFBC}") = "TelecomAdressBook", "TelecomAdressBook\TelecomAdressBook.csproj", "{28818529-652E-4D28-A746-D87EC0348619}"
EndProject
Project("{FAE04EC0-301F-11D3-BF4B-00C04F79EFBC}") = "PhoneBook", "WindowsFormsApp79\PhoneBook.csproj", "{D872A27F-A52B-471F-9641-C16DB0C7C361}"
EndProject
Project("{FAE04EC0-301F-11D3-BF4B-00C04F79EFBC}") = "XMLWrite", "XMLWrite\XMLWrite.csproj", "{FB00A03A-DBD2-442D-844E-EDA6C7F150E4}"
EndProject
Project("{2150E333-8FDC-42A3-9474-1A3956D46DE8}") = "Completed", "Completed", "{A5CFCC65-10DA-4089-8F8B-4002ABB674E2}"
EndProject
Project("{FAE04EC0-301F-11D3-BF4B-00C04F79EFBC}") = "hw25", "hw25\hw25.csproj", "{4868FF74-8234-4761-BB65-4A14A4799D38}"
EndProject
Global
	GlobalSection(SolutionConfigurationPlatforms) = preSolution
		Debug|Any CPU = Debug|Any CPU
		Release|Any CPU = Release|Any CPU
	EndGlobalSection
	GlobalSection(ProjectConfigurationPlatforms) = postSolution
		{E855B27E-871F-4C22-BC76-244C2B5ABD7B}.Debug|Any CPU.ActiveCfg = Debug|Any CPU
		{E855B27E-871F-4C22-BC76-244C2B5ABD7B}.Release|Any CPU.ActiveCfg = Release|Any CPU
		{E855B27E-871F-4C22-BC76-244C2B5ABD7B}.Release|Any CPU.Build.0 = Release|Any CPU
		{902A9E92-B2AF-48A0-B37B-71D09E9D0183}.Debug|Any CPU.ActiveCfg = Debug|Any CPU
		{902A9E92-B2AF-48A0-B37B-71D09E9D0183}.Release|Any CPU.ActiveCfg = Release|Any CPU
		{902A9E92-B2AF-48A0-B37B-71D09E9D0183}.Release|Any CPU.Build.0 = Release|Any CPU
		{CD319B51-83B1-4E28-AC61-206C858B5536}.Debug|Any CPU.ActiveCfg = Debug|Any CPU
		{CD319B51-83B1-4E28-AC61-206C858B5536}.Release|Any CPU.ActiveCfg = Release|Any CPU
		{CD319B51-83B1-4E28-AC61-206C858B5536}.Release|Any CPU.Build.0 = Release|Any CPU
		{42712B4B-57E5-4D5E-92F2-F1773A4D344C}.Debug|Any CPU.ActiveCfg = Debug|Any CPU
		{42712B4B-57E5-4D5E-92F2-F1773A4D344C}.Release|Any CPU.ActiveCfg = Release|Any CPU
		{42712B4B-57E5-4D5E-92F2-F1773A4D344C}.Release|Any CPU.Build.0 = Release|Any CPU
		{E14E813D-7B99-4DD8-9A1D-8E58C1B29417}.Debug|Any CPU.ActiveCfg = Debug|Any CPU
		{E14E813D-7B99-4DD8-9A1D-8E58C1B29417}.Release|Any CPU.ActiveCfg = Release|Any CPU
		{E14E813D-7B99-4DD8-9A1D-8E58C1B29417}.Release|Any CPU.Build.0 = Release|Any CPU
		{FF2E4AD6-22BA-434B-BAFF-C9D8343CB540}.Debug|Any CPU.ActiveCfg = Debug|Any CPU
		{FF2E4AD6-22BA-434B-BAFF-C9D8343CB540}.Release|Any CPU.ActiveCfg = Release|Any CPU
		{FF2E4AD6-22BA-434B-BAFF-C9D8343CB540}.Release|Any CPU.Build.0 = Release|Any CPU
		{555D1D5A-3B13-4CAF-98D5-8D16B835BB47}.Debug|Any CPU.ActiveCfg = Debug|Any CPU
		{555D1D5A-3B13-4CAF-98D5-8D16B835BB47}.Release|Any CPU.ActiveCfg = Release|Any CPU
		{555D1D5A-3B13-4CAF-98D5-8D16B835BB47}.Release|Any CPU.Build.0 = Release|Any CPU
		{9FA4EB67-C35F-4CA6-925B-FD51C9034029}.Debug|Any CPU.ActiveCfg = Debug|Any CPU
		{9FA4EB67-C35F-4CA6-925B-FD51C9034029}.Debug|Any CPU.Build.0 = Debug|Any CPU
		{9FA4EB67-C35F-4CA6-925B-FD51C9034029}.Release|Any CPU.ActiveCfg = Release|Any CPU
		{9FA4EB67-C35F-4CA6-925B-FD51C9034029}.Release|Any CPU.Build.0 = Release|Any CPU
		{168422EF-49C1-4828-AE4D-F192EBFCAEF6}.Debug|Any CPU.ActiveCfg = Debug|Any CPU
		{168422EF-49C1-4828-AE4D-F192EBFCAEF6}.Debug|Any CPU.Build.0 = Debug|Any CPU
		{168422EF-49C1-4828-AE4D-F192EBFCAEF6}.Release|Any CPU.ActiveCfg = Release|Any CPU
		{168422EF-49C1-4828-AE4D-F192EBFCAEF6}.Release|Any CPU.Build.0 = Release|Any CPU
		{802AC68E-38A1-4819-80D7-DABB53FA7F01}.Debug|Any CPU.ActiveCfg = Debug|Any CPU
		{802AC68E-38A1-4819-80D7-DABB53FA7F01}.Release|Any CPU.ActiveCfg = Release|Any CPU
		{802AC68E-38A1-4819-80D7-DABB53FA7F01}.Release|Any CPU.Build.0 = Release|Any CPU
		{99BB4CA0-4E50-47F2-8AD0-53501518E0BE}.Debug|Any CPU.ActiveCfg = Debug|Any CPU
		{99BB4CA0-4E50-47F2-8AD0-53501518E0BE}.Debug|Any CPU.Build.0 = Debug|Any CPU
		{99BB4CA0-4E50-47F2-8AD0-53501518E0BE}.Release|Any CPU.ActiveCfg = Release|Any CPU
		{99BB4CA0-4E50-47F2-8AD0-53501518E0BE}.Release|Any CPU.Build.0 = Release|Any CPU
		{27EFAC59-3765-419A-B58B-FEFC9578BC2C}.Debug|Any CPU.ActiveCfg = Debug|Any CPU
		{27EFAC59-3765-419A-B58B-FEFC9578BC2C}.Release|Any CPU.ActiveCfg = Release|Any CPU
		{27EFAC59-3765-419A-B58B-FEFC9578BC2C}.Release|Any CPU.Build.0 = Release|Any CPU
		{E52BC3B2-4D70-4A32-B3A5-2E570D0191D5}.Debug|Any CPU.ActiveCfg = Debug|Any CPU
		{E52BC3B2-4D70-4A32-B3A5-2E570D0191D5}.Release|Any CPU.ActiveCfg = Release|Any CPU
		{E52BC3B2-4D70-4A32-B3A5-2E570D0191D5}.Release|Any CPU.Build.0 = Release|Any CPU
		{C6954DE7-2D44-4F6C-9E2B-A947918C42F9}.Debug|Any CPU.ActiveCfg = Debug|Any CPU
		{C6954DE7-2D44-4F6C-9E2B-A947918C42F9}.Release|Any CPU.ActiveCfg = Release|Any CPU
		{C6954DE7-2D44-4F6C-9E2B-A947918C42F9}.Release|Any CPU.Build.0 = Release|Any CPU
		{EA859336-4E44-4EB6-A7A5-B10B603369F6}.Debug|Any CPU.ActiveCfg = Debug|Any CPU
		{EA859336-4E44-4EB6-A7A5-B10B603369F6}.Debug|Any CPU.Build.0 = Debug|Any CPU
		{EA859336-4E44-4EB6-A7A5-B10B603369F6}.Release|Any CPU.ActiveCfg = Release|Any CPU
		{EA859336-4E44-4EB6-A7A5-B10B603369F6}.Release|Any CPU.Build.0 = Release|Any CPU
		{FDAA6C0D-8EC5-46A7-AEAE-7711D85118DB}.Debug|Any CPU.ActiveCfg = Debug|Any CPU
		{FDAA6C0D-8EC5-46A7-AEAE-7711D85118DB}.Release|Any CPU.ActiveCfg = Release|Any CPU
		{FDAA6C0D-8EC5-46A7-AEAE-7711D85118DB}.Release|Any CPU.Build.0 = Release|Any CPU
		{DFF47DBD-BC86-45C9-8ED2-3BEDCD2F8218}.Debug|Any CPU.ActiveCfg = Debug|Any CPU
		{DFF47DBD-BC86-45C9-8ED2-3BEDCD2F8218}.Debug|Any CPU.Build.0 = Debug|Any CPU
		{DFF47DBD-BC86-45C9-8ED2-3BEDCD2F8218}.Release|Any CPU.ActiveCfg = Release|Any CPU
		{DFF47DBD-BC86-45C9-8ED2-3BEDCD2F8218}.Release|Any CPU.Build.0 = Release|Any CPU
		{90A76498-EA07-489A-90D9-2CD92157BB34}.Debug|Any CPU.ActiveCfg = Debug|Any CPU
		{90A76498-EA07-489A-90D9-2CD92157BB34}.Release|Any CPU.ActiveCfg = Release|Any CPU
		{90A76498-EA07-489A-90D9-2CD92157BB34}.Release|Any CPU.Build.0 = Release|Any CPU
		{03E5A38F-119B-4997-8C84-833DC8281C78}.Debug|Any CPU.ActiveCfg = Debug|Any CPU
		{03E5A38F-119B-4997-8C84-833DC8281C78}.Debug|Any CPU.Build.0 = Debug|Any CPU
		{03E5A38F-119B-4997-8C84-833DC8281C78}.Release|Any CPU.ActiveCfg = Release|Any CPU
		{03E5A38F-119B-4997-8C84-833DC8281C78}.Release|Any CPU.Build.0 = Release|Any CPU
		{43A03133-582E-462B-A4C9-F3924B4015A8}.Debug|Any CPU.ActiveCfg = Debug|Any CPU
		{43A03133-582E-462B-A4C9-F3924B4015A8}.Debug|Any CPU.Build.0 = Debug|Any CPU
		{43A03133-582E-462B-A4C9-F3924B4015A8}.Release|Any CPU.ActiveCfg = Release|Any CPU
		{43A03133-582E-462B-A4C9-F3924B4015A8}.Release|Any CPU.Build.0 = Release|Any CPU
		{F131113C-0A7E-4779-ACC5-C9E3B0DD5B6F}.Debug|Any CPU.ActiveCfg = Debug|Any CPU
		{F131113C-0A7E-4779-ACC5-C9E3B0DD5B6F}.Debug|Any CPU.Build.0 = Debug|Any CPU
		{F131113C-0A7E-4779-ACC5-C9E3B0DD5B6F}.Release|Any CPU.ActiveCfg = Release|Any CPU
		{F131113C-0A7E-4779-ACC5-C9E3B0DD5B6F}.Release|Any CPU.Build.0 = Release|Any CPU
		{F5E3DA72-FA3F-4F1F-9E77-3691217D1B63}.Debug|Any CPU.ActiveCfg = Debug|Any CPU
		{F5E3DA72-FA3F-4F1F-9E77-3691217D1B63}.Release|Any CPU.ActiveCfg = Release|Any CPU
		{F5E3DA72-FA3F-4F1F-9E77-3691217D1B63}.Release|Any CPU.Build.0 = Release|Any CPU
		{669E0140-8308-4256-8F81-C5A77476D11B}.Debug|Any CPU.ActiveCfg = Debug|Any CPU
		{669E0140-8308-4256-8F81-C5A77476D11B}.Debug|Any CPU.Build.0 = Debug|Any CPU
		{669E0140-8308-4256-8F81-C5A77476D11B}.Release|Any CPU.ActiveCfg = Release|Any CPU
		{669E0140-8308-4256-8F81-C5A77476D11B}.Release|Any CPU.Build.0 = Release|Any CPU
		{C872D3B0-04E5-4827-9293-D868D80B6028}.Debug|Any CPU.ActiveCfg = Debug|Any CPU
		{C872D3B0-04E5-4827-9293-D868D80B6028}.Debug|Any CPU.Build.0 = Debug|Any CPU
		{C872D3B0-04E5-4827-9293-D868D80B6028}.Release|Any CPU.ActiveCfg = Release|Any CPU
		{C872D3B0-04E5-4827-9293-D868D80B6028}.Release|Any CPU.Build.0 = Release|Any CPU
		{3A0F520F-4255-4F59-B0A2-FEC5F0311F9F}.Debug|Any CPU.ActiveCfg = Debug|Any CPU
		{3A0F520F-4255-4F59-B0A2-FEC5F0311F9F}.Debug|Any CPU.Build.0 = Debug|Any CPU
		{3A0F520F-4255-4F59-B0A2-FEC5F0311F9F}.Release|Any CPU.ActiveCfg = Release|Any CPU
		{3A0F520F-4255-4F59-B0A2-FEC5F0311F9F}.Release|Any CPU.Build.0 = Release|Any CPU
		{7CC384B0-BE2C-4C51-A488-D0AB2AD9BB23}.Debug|Any CPU.ActiveCfg = Debug|Any CPU
		{7CC384B0-BE2C-4C51-A488-D0AB2AD9BB23}.Debug|Any CPU.Build.0 = Debug|Any CPU
		{7CC384B0-BE2C-4C51-A488-D0AB2AD9BB23}.Release|Any CPU.ActiveCfg = Release|Any CPU
		{7CC384B0-BE2C-4C51-A488-D0AB2AD9BB23}.Release|Any CPU.Build.0 = Release|Any CPU
		{5C3B37A3-387F-4B96-A726-3B6FD9DD73BE}.Debug|Any CPU.ActiveCfg = Debug|Any CPU
		{5C3B37A3-387F-4B96-A726-3B6FD9DD73BE}.Debug|Any CPU.Build.0 = Debug|Any CPU
		{5C3B37A3-387F-4B96-A726-3B6FD9DD73BE}.Release|Any CPU.ActiveCfg = Release|Any CPU
		{5C3B37A3-387F-4B96-A726-3B6FD9DD73BE}.Release|Any CPU.Build.0 = Release|Any CPU
		{91B75051-1D47-4EB2-A27D-F679869F02E1}.Debug|Any CPU.ActiveCfg = Debug|Any CPU
		{91B75051-1D47-4EB2-A27D-F679869F02E1}.Debug|Any CPU.Build.0 = Debug|Any CPU
		{91B75051-1D47-4EB2-A27D-F679869F02E1}.Release|Any CPU.ActiveCfg = Release|Any CPU
		{91B75051-1D47-4EB2-A27D-F679869F02E1}.Release|Any CPU.Build.0 = Release|Any CPU
		{456B12E2-CD47-41AD-93DC-AF8A81015C66}.Debug|Any CPU.ActiveCfg = Debug|Any CPU
		{456B12E2-CD47-41AD-93DC-AF8A81015C66}.Debug|Any CPU.Build.0 = Debug|Any CPU
		{456B12E2-CD47-41AD-93DC-AF8A81015C66}.Release|Any CPU.ActiveCfg = Release|Any CPU
		{456B12E2-CD47-41AD-93DC-AF8A81015C66}.Release|Any CPU.Build.0 = Release|Any CPU
		{3F08C261-AEDE-4970-AA10-F3E0CFB8B6BD}.Debug|Any CPU.ActiveCfg = Debug|Any CPU
		{3F08C261-AEDE-4970-AA10-F3E0CFB8B6BD}.Debug|Any CPU.Build.0 = Debug|Any CPU
		{3F08C261-AEDE-4970-AA10-F3E0CFB8B6BD}.Release|Any CPU.ActiveCfg = Release|Any CPU
		{3F08C261-AEDE-4970-AA10-F3E0CFB8B6BD}.Release|Any CPU.Build.0 = Release|Any CPU
		{6BE6DFCB-3625-43CD-BF4A-817781D0ACF8}.Debug|Any CPU.ActiveCfg = Debug|Any CPU
		{6BE6DFCB-3625-43CD-BF4A-817781D0ACF8}.Debug|Any CPU.Build.0 = Debug|Any CPU
		{6BE6DFCB-3625-43CD-BF4A-817781D0ACF8}.Release|Any CPU.ActiveCfg = Release|Any CPU
		{6BE6DFCB-3625-43CD-BF4A-817781D0ACF8}.Release|Any CPU.Build.0 = Release|Any CPU
		{DE590368-DD39-4160-97E9-0A0DF1785ED4}.Debug|Any CPU.ActiveCfg = Debug|Any CPU
		{DE590368-DD39-4160-97E9-0A0DF1785ED4}.Debug|Any CPU.Build.0 = Debug|Any CPU
		{DE590368-DD39-4160-97E9-0A0DF1785ED4}.Release|Any CPU.ActiveCfg = Release|Any CPU
		{DE590368-DD39-4160-97E9-0A0DF1785ED4}.Release|Any CPU.Build.0 = Release|Any CPU
		{8E473D5D-85E9-430B-BCF3-A408BFDC08B1}.Debug|Any CPU.ActiveCfg = Debug|Any CPU
		{8E473D5D-85E9-430B-BCF3-A408BFDC08B1}.Debug|Any CPU.Build.0 = Debug|Any CPU
		{8E473D5D-85E9-430B-BCF3-A408BFDC08B1}.Release|Any CPU.ActiveCfg = Release|Any CPU
		{8E473D5D-85E9-430B-BCF3-A408BFDC08B1}.Release|Any CPU.Build.0 = Release|Any CPU
		{7B131210-E5A0-4399-AFE1-64992255E66A}.Debug|Any CPU.ActiveCfg = Debug|Any CPU
		{7B131210-E5A0-4399-AFE1-64992255E66A}.Debug|Any CPU.Build.0 = Debug|Any CPU
		{7B131210-E5A0-4399-AFE1-64992255E66A}.Release|Any CPU.ActiveCfg = Release|Any CPU
		{7B131210-E5A0-4399-AFE1-64992255E66A}.Release|Any CPU.Build.0 = Release|Any CPU
		{5F7AEEEC-B574-49E3-B3E6-79FE9A00A8EC}.Debug|Any CPU.ActiveCfg = Debug|Any CPU
		{5F7AEEEC-B574-49E3-B3E6-79FE9A00A8EC}.Debug|Any CPU.Build.0 = Debug|Any CPU
		{5F7AEEEC-B574-49E3-B3E6-79FE9A00A8EC}.Release|Any CPU.ActiveCfg = Release|Any CPU
		{5F7AEEEC-B574-49E3-B3E6-79FE9A00A8EC}.Release|Any CPU.Build.0 = Release|Any CPU
		{A0D36AF3-C88F-41C5-B812-6B1B009CA1D0}.Debug|Any CPU.ActiveCfg = Debug|Any CPU
		{A0D36AF3-C88F-41C5-B812-6B1B009CA1D0}.Debug|Any CPU.Build.0 = Debug|Any CPU
		{A0D36AF3-C88F-41C5-B812-6B1B009CA1D0}.Release|Any CPU.ActiveCfg = Release|Any CPU
		{A0D36AF3-C88F-41C5-B812-6B1B009CA1D0}.Release|Any CPU.Build.0 = Release|Any CPU
		{CE58DB2E-5DE4-47C1-BB2A-A68C5224607A}.Debug|Any CPU.ActiveCfg = Debug|Any CPU
		{CE58DB2E-5DE4-47C1-BB2A-A68C5224607A}.Debug|Any CPU.Build.0 = Debug|Any CPU
		{CE58DB2E-5DE4-47C1-BB2A-A68C5224607A}.Release|Any CPU.ActiveCfg = Release|Any CPU
		{CE58DB2E-5DE4-47C1-BB2A-A68C5224607A}.Release|Any CPU.Build.0 = Release|Any CPU
		{E285257A-F0AF-4A2E-8300-82B3929B73BF}.Debug|Any CPU.ActiveCfg = Debug|Any CPU
		{E285257A-F0AF-4A2E-8300-82B3929B73BF}.Debug|Any CPU.Build.0 = Debug|Any CPU
		{E285257A-F0AF-4A2E-8300-82B3929B73BF}.Release|Any CPU.ActiveCfg = Release|Any CPU
		{E285257A-F0AF-4A2E-8300-82B3929B73BF}.Release|Any CPU.Build.0 = Release|Any CPU
		{741558B6-33BD-42CA-B9A6-F0C7C547EBCA}.Debug|Any CPU.ActiveCfg = Debug|Any CPU
		{741558B6-33BD-42CA-B9A6-F0C7C547EBCA}.Debug|Any CPU.Build.0 = Debug|Any CPU
		{741558B6-33BD-42CA-B9A6-F0C7C547EBCA}.Release|Any CPU.ActiveCfg = Release|Any CPU
		{741558B6-33BD-42CA-B9A6-F0C7C547EBCA}.Release|Any CPU.Build.0 = Release|Any CPU
		{BCAAC856-3556-4F13-8B28-5A59C7279B87}.Debug|Any CPU.ActiveCfg = Debug|Any CPU
		{BCAAC856-3556-4F13-8B28-5A59C7279B87}.Debug|Any CPU.Build.0 = Debug|Any CPU
		{BCAAC856-3556-4F13-8B28-5A59C7279B87}.Release|Any CPU.ActiveCfg = Release|Any CPU
		{BCAAC856-3556-4F13-8B28-5A59C7279B87}.Release|Any CPU.Build.0 = Release|Any CPU
		{D8E03577-397C-489F-BE85-A29933AE73B3}.Debug|Any CPU.ActiveCfg = Debug|Any CPU
		{D8E03577-397C-489F-BE85-A29933AE73B3}.Debug|Any CPU.Build.0 = Debug|Any CPU
		{D8E03577-397C-489F-BE85-A29933AE73B3}.Release|Any CPU.ActiveCfg = Release|Any CPU
		{D8E03577-397C-489F-BE85-A29933AE73B3}.Release|Any CPU.Build.0 = Release|Any CPU
		{2E935955-A255-47D0-A450-D22FD360AC0C}.Debug|Any CPU.ActiveCfg = Debug|Any CPU
		{2E935955-A255-47D0-A450-D22FD360AC0C}.Debug|Any CPU.Build.0 = Debug|Any CPU
		{2E935955-A255-47D0-A450-D22FD360AC0C}.Release|Any CPU.ActiveCfg = Release|Any CPU
		{2E935955-A255-47D0-A450-D22FD360AC0C}.Release|Any CPU.Build.0 = Release|Any CPU
		{28818529-652E-4D28-A746-D87EC0348619}.Debug|Any CPU.ActiveCfg = Debug|Any CPU
		{28818529-652E-4D28-A746-D87EC0348619}.Debug|Any CPU.Build.0 = Debug|Any CPU
		{28818529-652E-4D28-A746-D87EC0348619}.Release|Any CPU.ActiveCfg = Release|Any CPU
		{28818529-652E-4D28-A746-D87EC0348619}.Release|Any CPU.Build.0 = Release|Any CPU
		{D872A27F-A52B-471F-9641-C16DB0C7C361}.Debug|Any CPU.ActiveCfg = Debug|Any CPU
		{D872A27F-A52B-471F-9641-C16DB0C7C361}.Debug|Any CPU.Build.0 = Debug|Any CPU
		{D872A27F-A52B-471F-9641-C16DB0C7C361}.Release|Any CPU.ActiveCfg = Release|Any CPU
		{D872A27F-A52B-471F-9641-C16DB0C7C361}.Release|Any CPU.Build.0 = Release|Any CPU
		{FB00A03A-DBD2-442D-844E-EDA6C7F150E4}.Debug|Any CPU.ActiveCfg = Debug|Any CPU
		{FB00A03A-DBD2-442D-844E-EDA6C7F150E4}.Debug|Any CPU.Build.0 = Debug|Any CPU
		{FB00A03A-DBD2-442D-844E-EDA6C7F150E4}.Release|Any CPU.ActiveCfg = Release|Any CPU
		{FB00A03A-DBD2-442D-844E-EDA6C7F150E4}.Release|Any CPU.Build.0 = Release|Any CPU
		{4868FF74-8234-4761-BB65-4A14A4799D38}.Debug|Any CPU.ActiveCfg = Debug|Any CPU
		{4868FF74-8234-4761-BB65-4A14A4799D38}.Debug|Any CPU.Build.0 = Debug|Any CPU
		{4868FF74-8234-4761-BB65-4A14A4799D38}.Release|Any CPU.ActiveCfg = Release|Any CPU
		{4868FF74-8234-4761-BB65-4A14A4799D38}.Release|Any CPU.Build.0 = Release|Any CPU
	EndGlobalSection
	GlobalSection(SolutionProperties) = preSolution
		HideSolutionNode = FALSE
	EndGlobalSection
	GlobalSection(NestedProjects) = preSolution
		{E855B27E-871F-4C22-BC76-244C2B5ABD7B} = {A5CFCC65-10DA-4089-8F8B-4002ABB674E2}
		{902A9E92-B2AF-48A0-B37B-71D09E9D0183} = {9D648FC2-1C14-4381-B0FC-83371ABBC4A8}
		{CD319B51-83B1-4E28-AC61-206C858B5536} = {A5CFCC65-10DA-4089-8F8B-4002ABB674E2}
		{42712B4B-57E5-4D5E-92F2-F1773A4D344C} = {A5CFCC65-10DA-4089-8F8B-4002ABB674E2}
		{E14E813D-7B99-4DD8-9A1D-8E58C1B29417} = {9D648FC2-1C14-4381-B0FC-83371ABBC4A8}
		{FF2E4AD6-22BA-434B-BAFF-C9D8343CB540} = {A5CFCC65-10DA-4089-8F8B-4002ABB674E2}
		{555D1D5A-3B13-4CAF-98D5-8D16B835BB47} = {A5CFCC65-10DA-4089-8F8B-4002ABB674E2}
		{9FA4EB67-C35F-4CA6-925B-FD51C9034029} = {A5CFCC65-10DA-4089-8F8B-4002ABB674E2}
		{168422EF-49C1-4828-AE4D-F192EBFCAEF6} = {A5CFCC65-10DA-4089-8F8B-4002ABB674E2}
		{802AC68E-38A1-4819-80D7-DABB53FA7F01} = {A5CFCC65-10DA-4089-8F8B-4002ABB674E2}
		{99BB4CA0-4E50-47F2-8AD0-53501518E0BE} = {A5CFCC65-10DA-4089-8F8B-4002ABB674E2}
		{27EFAC59-3765-419A-B58B-FEFC9578BC2C} = {A5CFCC65-10DA-4089-8F8B-4002ABB674E2}
		{E52BC3B2-4D70-4A32-B3A5-2E570D0191D5} = {A5CFCC65-10DA-4089-8F8B-4002ABB674E2}
		{C6954DE7-2D44-4F6C-9E2B-A947918C42F9} = {A5CFCC65-10DA-4089-8F8B-4002ABB674E2}
		{EA859336-4E44-4EB6-A7A5-B10B603369F6} = {9D648FC2-1C14-4381-B0FC-83371ABBC4A8}
		{FDAA6C0D-8EC5-46A7-AEAE-7711D85118DB} = {9D648FC2-1C14-4381-B0FC-83371ABBC4A8}
		{DFF47DBD-BC86-45C9-8ED2-3BEDCD2F8218} = {9D648FC2-1C14-4381-B0FC-83371ABBC4A8}
		{90A76498-EA07-489A-90D9-2CD92157BB34} = {A5CFCC65-10DA-4089-8F8B-4002ABB674E2}
		{03E5A38F-119B-4997-8C84-833DC8281C78} = {9D648FC2-1C14-4381-B0FC-83371ABBC4A8}
		{43A03133-582E-462B-A4C9-F3924B4015A8} = {9D648FC2-1C14-4381-B0FC-83371ABBC4A8}
		{F131113C-0A7E-4779-ACC5-C9E3B0DD5B6F} = {A5CFCC65-10DA-4089-8F8B-4002ABB674E2}
		{F5E3DA72-FA3F-4F1F-9E77-3691217D1B63} = {A5CFCC65-10DA-4089-8F8B-4002ABB674E2}
		{669E0140-8308-4256-8F81-C5A77476D11B} = {A5CFCC65-10DA-4089-8F8B-4002ABB674E2}
		{C872D3B0-04E5-4827-9293-D868D80B6028} = {A5CFCC65-10DA-4089-8F8B-4002ABB674E2}
		{3A0F520F-4255-4F59-B0A2-FEC5F0311F9F} = {A5CFCC65-10DA-4089-8F8B-4002ABB674E2}
		{7CC384B0-BE2C-4C51-A488-D0AB2AD9BB23} = {9D648FC2-1C14-4381-B0FC-83371ABBC4A8}
		{5C3B37A3-387F-4B96-A726-3B6FD9DD73BE} = {A5CFCC65-10DA-4089-8F8B-4002ABB674E2}
		{91B75051-1D47-4EB2-A27D-F679869F02E1} = {A5CFCC65-10DA-4089-8F8B-4002ABB674E2}
		{456B12E2-CD47-41AD-93DC-AF8A81015C66} = {9D648FC2-1C14-4381-B0FC-83371ABBC4A8}
		{3F08C261-AEDE-4970-AA10-F3E0CFB8B6BD} = {A5CFCC65-10DA-4089-8F8B-4002ABB674E2}
		{6BE6DFCB-3625-43CD-BF4A-817781D0ACF8} = {A5CFCC65-10DA-4089-8F8B-4002ABB674E2}
		{DE590368-DD39-4160-97E9-0A0DF1785ED4} = {9D648FC2-1C14-4381-B0FC-83371ABBC4A8}
		{8E473D5D-85E9-430B-BCF3-A408BFDC08B1} = {A5CFCC65-10DA-4089-8F8B-4002ABB674E2}
		{7B131210-E5A0-4399-AFE1-64992255E66A} = {A5CFCC65-10DA-4089-8F8B-4002ABB674E2}
		{5F7AEEEC-B574-49E3-B3E6-79FE9A00A8EC} = {A5CFCC65-10DA-4089-8F8B-4002ABB674E2}
		{A0D36AF3-C88F-41C5-B812-6B1B009CA1D0} = {9D648FC2-1C14-4381-B0FC-83371ABBC4A8}
		{CE58DB2E-5DE4-47C1-BB2A-A68C5224607A} = {9D648FC2-1C14-4381-B0FC-83371ABBC4A8}
		{E285257A-F0AF-4A2E-8300-82B3929B73BF} = {9D648FC2-1C14-4381-B0FC-83371ABBC4A8}
		{741558B6-33BD-42CA-B9A6-F0C7C547EBCA} = {9D648FC2-1C14-4381-B0FC-83371ABBC4A8}
		{BCAAC856-3556-4F13-8B28-5A59C7279B87} = {9D648FC2-1C14-4381-B0FC-83371ABBC4A8}
		{D8E03577-397C-489F-BE85-A29933AE73B3} = {A5CFCC65-10DA-4089-8F8B-4002ABB674E2}
		{2E935955-A255-47D0-A450-D22FD360AC0C} = {A5CFCC65-10DA-4089-8F8B-4002ABB674E2}
		{FB00A03A-DBD2-442D-844E-EDA6C7F150E4} = {9D648FC2-1C14-4381-B0FC-83371ABBC4A8}
		{4868FF74-8234-4761-BB65-4A14A4799D38} = {9D648FC2-1C14-4381-B0FC-83371ABBC4A8}
	EndGlobalSection
	GlobalSection(ExtensibilityGlobals) = postSolution
		SolutionGuid = {31A03A52-ACAC-491C-A774-7A4EB14C0440}
	EndGlobalSection
EndGlobal
